// !$*UTF8*$!
{
	archiveVersion = 1;
	classes = {
	};
	objectVersion = 48;
	objects = {

/* Begin PBXBuildFile section */
		56CE3CFC1F956645006E8F46 /* CKNavigation.h in Headers */ = {isa = PBXBuildFile; fileRef = 56CE3CFA1F956645006E8F46 /* CKNavigation.h */; settings = {ATTRIBUTES = (Public, ); }; };
		56CE3D031F956700006E8F46 /* CKNavigationController.swift in Sources */ = {isa = PBXBuildFile; fileRef = 56CE3D021F956700006E8F46 /* CKNavigationController.swift */; };
		56CE3D051F956737006E8F46 /* CKNavigatable.swift in Sources */ = {isa = PBXBuildFile; fileRef = 56CE3D041F956737006E8F46 /* CKNavigatable.swift */; };
		56CE3D071F956761006E8F46 /* Stack.swift in Sources */ = {isa = PBXBuildFile; fileRef = 56CE3D061F956761006E8F46 /* Stack.swift */; };
		56F6B23A1F959F0D0027EC15 /* CKNavigatableViewController.swift in Sources */ = {isa = PBXBuildFile; fileRef = 56F6B2391F959F0D0027EC15 /* CKNavigatableViewController.swift */; };
/* End PBXBuildFile section */

/* Begin PBXContainerItemProxy section */
		56CE3D261F9569A1006E8F46 /* PBXContainerItemProxy */ = {
			isa = PBXContainerItemProxy;
			containerPortal = 56CE3D221F9569A0006E8F46 /* CKNavigationExample.xcodeproj */;
			proxyType = 2;
			remoteGlobalIDString = 56CE3D111F9569A0006E8F46;
			remoteInfo = CKNavigationExample;
		};
/* End PBXContainerItemProxy section */

/* Begin PBXFileReference section */
		56CE3CF71F956645006E8F46 /* CKNavigation.framework */ = {isa = PBXFileReference; explicitFileType = wrapper.framework; includeInIndex = 0; path = CKNavigation.framework; sourceTree = BUILT_PRODUCTS_DIR; };
		56CE3CFA1F956645006E8F46 /* CKNavigation.h */ = {isa = PBXFileReference; lastKnownFileType = sourcecode.c.h; path = CKNavigation.h; sourceTree = "<group>"; };
		56CE3CFB1F956645006E8F46 /* Info.plist */ = {isa = PBXFileReference; lastKnownFileType = text.plist.xml; path = Info.plist; sourceTree = "<group>"; };
		56CE3D021F956700006E8F46 /* CKNavigationController.swift */ = {isa = PBXFileReference; lastKnownFileType = sourcecode.swift; path = CKNavigationController.swift; sourceTree = "<group>"; };
		56CE3D041F956737006E8F46 /* CKNavigatable.swift */ = {isa = PBXFileReference; lastKnownFileType = sourcecode.swift; path = CKNavigatable.swift; sourceTree = "<group>"; };
		56CE3D061F956761006E8F46 /* Stack.swift */ = {isa = PBXFileReference; lastKnownFileType = sourcecode.swift; path = Stack.swift; sourceTree = "<group>"; };
		56CE3D221F9569A0006E8F46 /* CKNavigationExample.xcodeproj */ = {isa = PBXFileReference; lastKnownFileType = "wrapper.pb-project"; name = CKNavigationExample.xcodeproj; path = CKNavigationExample/CKNavigationExample.xcodeproj; sourceTree = "<group>"; };
		56F6B2391F959F0D0027EC15 /* CKNavigatableViewController.swift */ = {isa = PBXFileReference; fileEncoding = 4; lastKnownFileType = sourcecode.swift; path = CKNavigatableViewController.swift; sourceTree = "<group>"; };
/* End PBXFileReference section */

/* Begin PBXFrameworksBuildPhase section */
		56CE3CF31F956645006E8F46 /* Frameworks */ = {
			isa = PBXFrameworksBuildPhase;
			buildActionMask = 2147483647;
			files = (
			);
			runOnlyForDeploymentPostprocessing = 0;
		};
/* End PBXFrameworksBuildPhase section */

/* Begin PBXGroup section */
		56CE3CED1F956645006E8F46 = {
			isa = PBXGroup;
			children = (
				56CE3D221F9569A0006E8F46 /* CKNavigationExample.xcodeproj */,
				56CE3CF91F956645006E8F46 /* Sources */,
				56CE3CF81F956645006E8F46 /* Products */,
			);
			sourceTree = "<group>";
		};
		56CE3CF81F956645006E8F46 /* Products */ = {
			isa = PBXGroup;
			children = (
				56CE3CF71F956645006E8F46 /* CKNavigation.framework */,
			);
			name = Products;
			sourceTree = "<group>";
		};
		56CE3CF91F956645006E8F46 /* Sources */ = {
			isa = PBXGroup;
			children = (
				56CE3D021F956700006E8F46 /* CKNavigationController.swift */,
				56F6B2391F959F0D0027EC15 /* CKNavigatableViewController.swift */,
				56CE3D041F956737006E8F46 /* CKNavigatable.swift */,
				56CE3D061F956761006E8F46 /* Stack.swift */,
				56CE3CFA1F956645006E8F46 /* CKNavigation.h */,
				56CE3CFB1F956645006E8F46 /* Info.plist */,
			);
			path = Sources;
			sourceTree = "<group>";
		};
		56CE3D231F9569A0006E8F46 /* Products */ = {
			isa = PBXGroup;
			children = (
				56CE3D271F9569A1006E8F46 /* CKNavigationExample.app */,
			);
			name = Products;
			sourceTree = "<group>";
		};
/* End PBXGroup section */

/* Begin PBXHeadersBuildPhase section */
		56CE3CF41F956645006E8F46 /* Headers */ = {
			isa = PBXHeadersBuildPhase;
			buildActionMask = 2147483647;
			files = (
				56CE3CFC1F956645006E8F46 /* CKNavigation.h in Headers */,
			);
			runOnlyForDeploymentPostprocessing = 0;
		};
/* End PBXHeadersBuildPhase section */

/* Begin PBXNativeTarget section */
		56CE3CF61F956645006E8F46 /* CKNavigation */ = {
			isa = PBXNativeTarget;
			buildConfigurationList = 56CE3CFF1F956645006E8F46 /* Build configuration list for PBXNativeTarget "CKNavigation" */;
			buildPhases = (
				56CE3CF21F956645006E8F46 /* Sources */,
				56CE3CF31F956645006E8F46 /* Frameworks */,
				56CE3CF41F956645006E8F46 /* Headers */,
				56CE3CF51F956645006E8F46 /* Resources */,
			);
			buildRules = (
			);
			dependencies = (
			);
			name = CKNavigation;
			productName = CKNavigation;
			productReference = 56CE3CF71F956645006E8F46 /* CKNavigation.framework */;
			productType = "com.apple.product-type.framework";
		};
/* End PBXNativeTarget section */

/* Begin PBXProject section */
		56CE3CEE1F956645006E8F46 /* Project object */ = {
			isa = PBXProject;
			attributes = {
				LastUpgradeCheck = 0900;
				ORGANIZATIONNAME = "Charles Kenney";
				TargetAttributes = {
					56CE3CF61F956645006E8F46 = {
						CreatedOnToolsVersion = 9.0;
						LastSwiftMigration = 0900;
						ProvisioningStyle = Automatic;
					};
				};
			};
			buildConfigurationList = 56CE3CF11F956645006E8F46 /* Build configuration list for PBXProject "CKNavigation" */;
			compatibilityVersion = "Xcode 8.0";
			developmentRegion = en;
			hasScannedForEncodings = 0;
			knownRegions = (
				en,
			);
			mainGroup = 56CE3CED1F956645006E8F46;
			productRefGroup = 56CE3CF81F956645006E8F46 /* Products */;
			projectDirPath = "";
			projectReferences = (
				{
					ProductGroup = 56CE3D231F9569A0006E8F46 /* Products */;
					ProjectRef = 56CE3D221F9569A0006E8F46 /* CKNavigationExample.xcodeproj */;
				},
			);
			projectRoot = "";
			targets = (
				56CE3CF61F956645006E8F46 /* CKNavigation */,
			);
		};
/* End PBXProject section */

/* Begin PBXReferenceProxy section */
		56CE3D271F9569A1006E8F46 /* CKNavigationExample.app */ = {
			isa = PBXReferenceProxy;
			fileType = wrapper.application;
			path = CKNavigationExample.app;
			remoteRef = 56CE3D261F9569A1006E8F46 /* PBXContainerItemProxy */;
			sourceTree = BUILT_PRODUCTS_DIR;
		};
/* End PBXReferenceProxy section */

/* Begin PBXResourcesBuildPhase section */
		56CE3CF51F956645006E8F46 /* Resources */ = {
			isa = PBXResourcesBuildPhase;
			buildActionMask = 2147483647;
			files = (
			);
			runOnlyForDeploymentPostprocessing = 0;
		};
/* End PBXResourcesBuildPhase section */

/* Begin PBXSourcesBuildPhase section */
		56CE3CF21F956645006E8F46 /* Sources */ = {
			isa = PBXSourcesBuildPhase;
			buildActionMask = 2147483647;
			files = (
				56CE3D051F956737006E8F46 /* CKNavigatable.swift in Sources */,
				56F6B23A1F959F0D0027EC15 /* CKNavigatableViewController.swift in Sources */,
				56CE3D071F956761006E8F46 /* Stack.swift in Sources */,
				56CE3D031F956700006E8F46 /* CKNavigationController.swift in Sources */,
			);
			runOnlyForDeploymentPostprocessing = 0;
		};
/* End PBXSourcesBuildPhase section */

/* Begin XCBuildConfiguration section */
		56CE3CFD1F956645006E8F46 /* Debug */ = {
			isa = XCBuildConfiguration;
			buildSettings = {
				ALWAYS_SEARCH_USER_PATHS = NO;
				CLANG_ANALYZER_NONNULL = YES;
				CLANG_ANALYZER_NUMBER_OBJECT_CONVERSION = YES_AGGRESSIVE;
				CLANG_CXX_LANGUAGE_STANDARD = "gnu++14";
				CLANG_CXX_LIBRARY = "libc++";
				CLANG_ENABLE_MODULES = YES;
				CLANG_ENABLE_OBJC_ARC = YES;
				CLANG_WARN_BLOCK_CAPTURE_AUTORELEASING = YES;
				CLANG_WARN_BOOL_CONVERSION = YES;
				CLANG_WARN_COMMA = YES;
				CLANG_WARN_CONSTANT_CONVERSION = YES;
				CLANG_WARN_DIRECT_OBJC_ISA_USAGE = YES_ERROR;
				CLANG_WARN_DOCUMENTATION_COMMENTS = YES;
				CLANG_WARN_EMPTY_BODY = YES;
				CLANG_WARN_ENUM_CONVERSION = YES;
				CLANG_WARN_INFINITE_RECURSION = YES;
				CLANG_WARN_INT_CONVERSION = YES;
				CLANG_WARN_NON_LITERAL_NULL_CONVERSION = YES;
				CLANG_WARN_OBJC_LITERAL_CONVERSION = YES;
				CLANG_WARN_OBJC_ROOT_CLASS = YES_ERROR;
				CLANG_WARN_RANGE_LOOP_ANALYSIS = YES;
				CLANG_WARN_STRICT_PROTOTYPES = YES;
				CLANG_WARN_SUSPICIOUS_MOVE = YES;
				CLANG_WARN_UNGUARDED_AVAILABILITY = YES_AGGRESSIVE;
				CLANG_WARN_UNREACHABLE_CODE = YES;
				CLANG_WARN__DUPLICATE_METHOD_MATCH = YES;
				CODE_SIGN_IDENTITY = "Mac Developer";
				COPY_PHASE_STRIP = NO;
				CURRENT_PROJECT_VERSION = 1;
				DEBUG_INFORMATION_FORMAT = dwarf;
				ENABLE_STRICT_OBJC_MSGSEND = YES;
				ENABLE_TESTABILITY = YES;
				GCC_C_LANGUAGE_STANDARD = gnu11;
				GCC_DYNAMIC_NO_PIC = NO;
				GCC_NO_COMMON_BLOCKS = YES;
				GCC_OPTIMIZATION_LEVEL = 0;
				GCC_PREPROCESSOR_DEFINITIONS = (
					"DEBUG=1",
					"$(inherited)",
				);
				GCC_WARN_64_TO_32_BIT_CONVERSION = YES;
				GCC_WARN_ABOUT_RETURN_TYPE = YES_ERROR;
				GCC_WARN_UNDECLARED_SELECTOR = YES;
				GCC_WARN_UNINITIALIZED_AUTOS = YES_AGGRESSIVE;
				GCC_WARN_UNUSED_FUNCTION = YES;
				GCC_WARN_UNUSED_VARIABLE = YES;
				MACOSX_DEPLOYMENT_TARGET = 10.13;
				MTL_ENABLE_DEBUG_INFO = YES;
				ONLY_ACTIVE_ARCH = YES;
				SDKROOT = macosx;
				SWIFT_ACTIVE_COMPILATION_CONDITIONS = DEBUG;
				SWIFT_OPTIMIZATION_LEVEL = "-Onone";
				VERSIONING_SYSTEM = "apple-generic";
				VERSION_INFO_PREFIX = "";
			};
			name = Debug;
		};
		56CE3CFE1F956645006E8F46 /* Release */ = {
			isa = XCBuildConfiguration;
			buildSettings = {
				ALWAYS_SEARCH_USER_PATHS = NO;
				CLANG_ANALYZER_NONNULL = YES;
				CLANG_ANALYZER_NUMBER_OBJECT_CONVERSION = YES_AGGRESSIVE;
				CLANG_CXX_LANGUAGE_STANDARD = "gnu++14";
				CLANG_CXX_LIBRARY = "libc++";
				CLANG_ENABLE_MODULES = YES;
				CLANG_ENABLE_OBJC_ARC = YES;
				CLANG_WARN_BLOCK_CAPTURE_AUTORELEASING = YES;
				CLANG_WARN_BOOL_CONVERSION = YES;
				CLANG_WARN_COMMA = YES;
				CLANG_WARN_CONSTANT_CONVERSION = YES;
				CLANG_WARN_DIRECT_OBJC_ISA_USAGE = YES_ERROR;
				CLANG_WARN_DOCUMENTATION_COMMENTS = YES;
				CLANG_WARN_EMPTY_BODY = YES;
				CLANG_WARN_ENUM_CONVERSION = YES;
				CLANG_WARN_INFINITE_RECURSION = YES;
				CLANG_WARN_INT_CONVERSION = YES;
				CLANG_WARN_NON_LITERAL_NULL_CONVERSION = YES;
				CLANG_WARN_OBJC_LITERAL_CONVERSION = YES;
				CLANG_WARN_OBJC_ROOT_CLASS = YES_ERROR;
				CLANG_WARN_RANGE_LOOP_ANALYSIS = YES;
				CLANG_WARN_STRICT_PROTOTYPES = YES;
				CLANG_WARN_SUSPICIOUS_MOVE = YES;
				CLANG_WARN_UNGUARDED_AVAILABILITY = YES_AGGRESSIVE;
				CLANG_WARN_UNREACHABLE_CODE = YES;
				CLANG_WARN__DUPLICATE_METHOD_MATCH = YES;
				CODE_SIGN_IDENTITY = "Mac Developer";
				COPY_PHASE_STRIP = NO;
				CURRENT_PROJECT_VERSION = 1;
				DEBUG_INFORMATION_FORMAT = "dwarf-with-dsym";
				ENABLE_NS_ASSERTIONS = NO;
				ENABLE_STRICT_OBJC_MSGSEND = YES;
				GCC_C_LANGUAGE_STANDARD = gnu11;
				GCC_NO_COMMON_BLOCKS = YES;
				GCC_WARN_64_TO_32_BIT_CONVERSION = YES;
				GCC_WARN_ABOUT_RETURN_TYPE = YES_ERROR;
				GCC_WARN_UNDECLARED_SELECTOR = YES;
				GCC_WARN_UNINITIALIZED_AUTOS = YES_AGGRESSIVE;
				GCC_WARN_UNUSED_FUNCTION = YES;
				GCC_WARN_UNUSED_VARIABLE = YES;
				MACOSX_DEPLOYMENT_TARGET = 10.13;
				MTL_ENABLE_DEBUG_INFO = NO;
				SDKROOT = macosx;
				SWIFT_OPTIMIZATION_LEVEL = "-Owholemodule";
				VERSIONING_SYSTEM = "apple-generic";
				VERSION_INFO_PREFIX = "";
			};
			name = Release;
		};
		56CE3D001F956645006E8F46 /* Debug */ = {
			isa = XCBuildConfiguration;
			buildSettings = {
				CLANG_ENABLE_MODULES = YES;
				CODE_SIGN_IDENTITY = "";
				CODE_SIGN_STYLE = Automatic;
				COMBINE_HIDPI_IMAGES = YES;
				DEFINES_MODULE = YES;
				DEVELOPMENT_TEAM = 92E3TM2LT5;
				DYLIB_COMPATIBILITY_VERSION = 1;
				DYLIB_CURRENT_VERSION = 1;
				DYLIB_INSTALL_NAME_BASE = "@rpath";
				FRAMEWORK_VERSION = A;
				INFOPLIST_FILE = Sources/Info.plist;
				INSTALL_PATH = "$(LOCAL_LIBRARY_DIR)/Frameworks";
				LD_RUNPATH_SEARCH_PATHS = "$(inherited) @executable_path/../Frameworks @loader_path/Frameworks";
				MACOSX_DEPLOYMENT_TARGET = 10.12;
				PRODUCT_BUNDLE_IDENTIFIER = com.charleskenney.CKNavigation;
				PRODUCT_NAME = "$(TARGET_NAME:c99extidentifier)";
				SKIP_INSTALL = YES;
				SWIFT_OPTIMIZATION_LEVEL = "-Onone";
				SWIFT_VERSION = 4.0;
			};
			name = Debug;
		};
		56CE3D011F956645006E8F46 /* Release */ = {
			isa = XCBuildConfiguration;
			buildSettings = {
				CLANG_ENABLE_MODULES = YES;
				CODE_SIGN_IDENTITY = "";
				CODE_SIGN_STYLE = Automatic;
				COMBINE_HIDPI_IMAGES = YES;
				DEFINES_MODULE = YES;
				DEVELOPMENT_TEAM = 92E3TM2LT5;
				DYLIB_COMPATIBILITY_VERSION = 1;
				DYLIB_CURRENT_VERSION = 1;
				DYLIB_INSTALL_NAME_BASE = "@rpath";
				FRAMEWORK_VERSION = A;
				INFOPLIST_FILE = Sources/Info.plist;
				INSTALL_PATH = "$(LOCAL_LIBRARY_DIR)/Frameworks";
				LD_RUNPATH_SEARCH_PATHS = "$(inherited) @executable_path/../Frameworks @loader_path/Frameworks";
				MACOSX_DEPLOYMENT_TARGET = 10.12;
				PRODUCT_BUNDLE_IDENTIFIER = com.charleskenney.CKNavigation;
				PRODUCT_NAME = "$(TARGET_NAME:c99extidentifier)";
				SKIP_INSTALL = YES;
				SWIFT_VERSION = 4.0;
			};
			name = Release;
		};
/* End XCBuildConfiguration section */

/* Begin XCConfigurationList section */
		56CE3CF11F956645006E8F46 /* Build configuration list for PBXProject "CKNavigation" */ = {
			isa = XCConfigurationList;
			buildConfigurations = (
				56CE3CFD1F956645006E8F46 /* Debug */,
				56CE3CFE1F956645006E8F46 /* Release */,
			);
			defaultConfigurationIsVisible = 0;
			defaultConfigurationName = Release;
		};
		56CE3CFF1F956645006E8F46 /* Build configuration list for PBXNativeTarget "CKNavigation" */ = {
			isa = XCConfigurationList;
			buildConfigurations = (
				56CE3D001F956645006E8F46 /* Debug */,
				56CE3D011F956645006E8F46 /* Release */,
			);
			defaultConfigurationIsVisible = 0;
			defaultConfigurationName = Release;
		};
/* End XCConfigurationList section */
	};
	rootObject = 56CE3CEE1F956645006E8F46 /* Project object */;
}
